# This file is automatically @generated by Cargo.
# It is not intended for manual editing.
version = 3

[[package]]
name = "b_plus_tree"
version = "0.1.0"
dependencies = [
 "trait_enum",
]

[[package]]
name = "trait_enum"
version = "0.5.0"
source = "registry+https://github.com/rust-lang/crates.io-index"
checksum = "130dd741d3c71f76d031e58caffff3624eaaa2db9bd8c4b05406a71885300fc7"
